
Microsoft Visual Studio Solution File, Format Version 12.00
# Visual Studio 14
VisualStudioVersion = 14.0.23107.0
MinimumVisualStudioVersion = 10.0.40219.1
Project("{8BC9CEB8-8B4A-11D0-8D11-00A0C91BC942}") = "StosPrzyciski", "StosPrzyciski\StosPrzyciski.vcxproj", "{A7900239-CB3E-4CD4-899E-14AA4328727E}"
EndProject
Project("{8BC9CEB8-8B4A-11D0-8D11-00A0C91BC942}") = "Gwozdzie", "Gwozdzie\Gwozdzie.vcxproj", "{CDCB1823-E736-4E60-80C3-45FC89752121}"
EndProject
Project("{8BC9CEB8-8B4A-11D0-8D11-00A0C91BC942}") = "Przyciski", "Przyciski\Przyciski.vcxproj", "{E66E3340-893C-497A-8274-B4A80BD99446}"
EndProject
Project("{8BC9CEB8-8B4A-11D0-8D11-00A0C91BC942}") = "Lider", "Lider\Lider.vcxproj", "{B94CC304-92F2-49F7-A75E-7A5BBA750A7E}"
EndProject
Project("{8BC9CEB8-8B4A-11D0-8D11-00A0C91BC942}") = "LeaderSlices", "LeaderSlices\LeaderSlices.vcxproj", "{33568895-E0C4-4D84-B1DC-59E86F7178AB}"
EndProject
Project("{8BC9CEB8-8B4A-11D0-8D11-00A0C91BC942}") = "MaxSubarray", "MaxSubarray\MaxSubarray.vcxproj", "{354F9A75-B61E-48CC-B782-0BBCF5B620B3}"
EndProject
Project("{8BC9CEB8-8B4A-11D0-8D11-00A0C91BC942}") = "MaxSubarrayWithOneOut", "MaxSubarrayWithOneOut\MaxSubarrayWithOneOut.vcxproj", "{4756D2AC-E145-4062-9587-99B2CC4FA69E}"
EndProject
Project("{8BC9CEB8-8B4A-11D0-8D11-00A0C91BC942}") = "IsPrime", "IsPrime\IsPrime.vcxproj", "{E9E5A9D4-0517-4E62-8953-C824ED670769}"
EndProject
Project("{8BC9CEB8-8B4A-11D0-8D11-00A0C91BC942}") = "BasketsOfFruits", "BasketsOfFruits\BasketsOfFruits.vcxproj", "{5E6438E9-0DFA-43B1-91F6-10394D60C0FC}"
EndProject
Project("{8BC9CEB8-8B4A-11D0-8D11-00A0C91BC942}") = "SumyFibonacciego", "SumyFibonacciego\SumyFibonacciego.vcxproj", "{45BDE2CB-DB2F-4175-A11C-53AE3DC8A196}"
EndProject
Project("{8BC9CEB8-8B4A-11D0-8D11-00A0C91BC942}") = "Sjito", "Sjito\Sjito.vcxproj", "{005D06E6-C732-4293-8F33-152D34F4E753}"
EndProject
Project("{8BC9CEB8-8B4A-11D0-8D11-00A0C91BC942}") = "SumyIRoznice", "SumyIRoznice\SumyIRoznice.vcxproj", "{E2EFA256-E89A-4ACD-B9A3-58C098B7CEE6}"
EndProject
Project("{8BC9CEB8-8B4A-11D0-8D11-00A0C91BC942}") = "CiagDaSieDzielic", "CiagDaSieDzielic\CiagDaSieDzielic.vcxproj", "{2210E779-53DB-4D47-917C-D8021DC31F02}"
EndProject
Project("{8BC9CEB8-8B4A-11D0-8D11-00A0C91BC942}") = "DeskiIGwozdzie", "DeskiIGwozdzie\DeskiIGwozdzie.vcxproj", "{B5985F19-6B0D-4BD8-8929-B48F27920F3B}"
EndProject
Project("{8BC9CEB8-8B4A-11D0-8D11-00A0C91BC942}") = "ZnajdzPodsumeRowna", "ZnajdzPodsumeRowna\ZnajdzPodsumeRowna.vcxproj", "{8C97D95C-5B4A-46C7-B8F9-78EC568E4644}"
EndProject
Global
	GlobalSection(SolutionConfigurationPlatforms) = preSolution
		Debug|x64 = Debug|x64
		Debug|x86 = Debug|x86
		Release|x64 = Release|x64
		Release|x86 = Release|x86
	EndGlobalSection
	GlobalSection(ProjectConfigurationPlatforms) = postSolution
		{A7900239-CB3E-4CD4-899E-14AA4328727E}.Debug|x64.ActiveCfg = Debug|x64
		{A7900239-CB3E-4CD4-899E-14AA4328727E}.Debug|x64.Build.0 = Debug|x64
		{A7900239-CB3E-4CD4-899E-14AA4328727E}.Debug|x86.ActiveCfg = Debug|Win32
		{A7900239-CB3E-4CD4-899E-14AA4328727E}.Debug|x86.Build.0 = Debug|Win32
		{A7900239-CB3E-4CD4-899E-14AA4328727E}.Release|x64.ActiveCfg = Release|x64
		{A7900239-CB3E-4CD4-899E-14AA4328727E}.Release|x64.Build.0 = Release|x64
		{A7900239-CB3E-4CD4-899E-14AA4328727E}.Release|x86.ActiveCfg = Release|Win32
		{A7900239-CB3E-4CD4-899E-14AA4328727E}.Release|x86.Build.0 = Release|Win32
		{CDCB1823-E736-4E60-80C3-45FC89752121}.Debug|x64.ActiveCfg = Debug|x64
		{CDCB1823-E736-4E60-80C3-45FC89752121}.Debug|x64.Build.0 = Debug|x64
		{CDCB1823-E736-4E60-80C3-45FC89752121}.Debug|x86.ActiveCfg = Debug|Win32
		{CDCB1823-E736-4E60-80C3-45FC89752121}.Debug|x86.Build.0 = Debug|Win32
		{CDCB1823-E736-4E60-80C3-45FC89752121}.Release|x64.ActiveCfg = Release|x64
		{CDCB1823-E736-4E60-80C3-45FC89752121}.Release|x64.Build.0 = Release|x64
		{CDCB1823-E736-4E60-80C3-45FC89752121}.Release|x86.ActiveCfg = Release|Win32
		{CDCB1823-E736-4E60-80C3-45FC89752121}.Release|x86.Build.0 = Release|Win32
		{E66E3340-893C-497A-8274-B4A80BD99446}.Debug|x64.ActiveCfg = Debug|x64
		{E66E3340-893C-497A-8274-B4A80BD99446}.Debug|x64.Build.0 = Debug|x64
		{E66E3340-893C-497A-8274-B4A80BD99446}.Debug|x86.ActiveCfg = Debug|Win32
		{E66E3340-893C-497A-8274-B4A80BD99446}.Debug|x86.Build.0 = Debug|Win32
		{E66E3340-893C-497A-8274-B4A80BD99446}.Release|x64.ActiveCfg = Release|x64
		{E66E3340-893C-497A-8274-B4A80BD99446}.Release|x64.Build.0 = Release|x64
		{E66E3340-893C-497A-8274-B4A80BD99446}.Release|x86.ActiveCfg = Release|Win32
		{E66E3340-893C-497A-8274-B4A80BD99446}.Release|x86.Build.0 = Release|Win32
		{B94CC304-92F2-49F7-A75E-7A5BBA750A7E}.Debug|x64.ActiveCfg = Debug|x64
		{B94CC304-92F2-49F7-A75E-7A5BBA750A7E}.Debug|x64.Build.0 = Debug|x64
		{B94CC304-92F2-49F7-A75E-7A5BBA750A7E}.Debug|x86.ActiveCfg = Debug|Win32
		{B94CC304-92F2-49F7-A75E-7A5BBA750A7E}.Debug|x86.Build.0 = Debug|Win32
		{B94CC304-92F2-49F7-A75E-7A5BBA750A7E}.Release|x64.ActiveCfg = Release|x64
		{B94CC304-92F2-49F7-A75E-7A5BBA750A7E}.Release|x64.Build.0 = Release|x64
		{B94CC304-92F2-49F7-A75E-7A5BBA750A7E}.Release|x86.ActiveCfg = Release|Win32
		{B94CC304-92F2-49F7-A75E-7A5BBA750A7E}.Release|x86.Build.0 = Release|Win32
		{33568895-E0C4-4D84-B1DC-59E86F7178AB}.Debug|x64.ActiveCfg = Debug|x64
		{33568895-E0C4-4D84-B1DC-59E86F7178AB}.Debug|x64.Build.0 = Debug|x64
		{33568895-E0C4-4D84-B1DC-59E86F7178AB}.Debug|x86.ActiveCfg = Debug|Win32
		{33568895-E0C4-4D84-B1DC-59E86F7178AB}.Debug|x86.Build.0 = Debug|Win32
		{33568895-E0C4-4D84-B1DC-59E86F7178AB}.Release|x64.ActiveCfg = Release|x64
		{33568895-E0C4-4D84-B1DC-59E86F7178AB}.Release|x64.Build.0 = Release|x64
		{33568895-E0C4-4D84-B1DC-59E86F7178AB}.Release|x86.ActiveCfg = Release|Win32
		{33568895-E0C4-4D84-B1DC-59E86F7178AB}.Release|x86.Build.0 = Release|Win32
		{354F9A75-B61E-48CC-B782-0BBCF5B620B3}.Debug|x64.ActiveCfg = Debug|x64
		{354F9A75-B61E-48CC-B782-0BBCF5B620B3}.Debug|x64.Build.0 = Debug|x64
		{354F9A75-B61E-48CC-B782-0BBCF5B620B3}.Debug|x86.ActiveCfg = Debug|Win32
		{354F9A75-B61E-48CC-B782-0BBCF5B620B3}.Debug|x86.Build.0 = Debug|Win32
		{354F9A75-B61E-48CC-B782-0BBCF5B620B3}.Release|x64.ActiveCfg = Release|x64
		{354F9A75-B61E-48CC-B782-0BBCF5B620B3}.Release|x64.Build.0 = Release|x64
		{354F9A75-B61E-48CC-B782-0BBCF5B620B3}.Release|x86.ActiveCfg = Release|Win32
		{354F9A75-B61E-48CC-B782-0BBCF5B620B3}.Release|x86.Build.0 = Release|Win32
		{4756D2AC-E145-4062-9587-99B2CC4FA69E}.Debug|x64.ActiveCfg = Debug|x64
		{4756D2AC-E145-4062-9587-99B2CC4FA69E}.Debug|x64.Build.0 = Debug|x64
		{4756D2AC-E145-4062-9587-99B2CC4FA69E}.Debug|x86.ActiveCfg = Debug|Win32
		{4756D2AC-E145-4062-9587-99B2CC4FA69E}.Debug|x86.Build.0 = Debug|Win32
		{4756D2AC-E145-4062-9587-99B2CC4FA69E}.Release|x64.ActiveCfg = Release|x64
		{4756D2AC-E145-4062-9587-99B2CC4FA69E}.Release|x64.Build.0 = Release|x64
		{4756D2AC-E145-4062-9587-99B2CC4FA69E}.Release|x86.ActiveCfg = Release|Win32
		{4756D2AC-E145-4062-9587-99B2CC4FA69E}.Release|x86.Build.0 = Release|Win32
		{E9E5A9D4-0517-4E62-8953-C824ED670769}.Debug|x64.ActiveCfg = Debug|x64
		{E9E5A9D4-0517-4E62-8953-C824ED670769}.Debug|x64.Build.0 = Debug|x64
		{E9E5A9D4-0517-4E62-8953-C824ED670769}.Debug|x86.ActiveCfg = Debug|Win32
		{E9E5A9D4-0517-4E62-8953-C824ED670769}.Debug|x86.Build.0 = Debug|Win32
		{E9E5A9D4-0517-4E62-8953-C824ED670769}.Release|x64.ActiveCfg = Release|x64
		{E9E5A9D4-0517-4E62-8953-C824ED670769}.Release|x64.Build.0 = Release|x64
		{E9E5A9D4-0517-4E62-8953-C824ED670769}.Release|x86.ActiveCfg = Release|Win32
		{E9E5A9D4-0517-4E62-8953-C824ED670769}.Release|x86.Build.0 = Release|Win32
		{5E6438E9-0DFA-43B1-91F6-10394D60C0FC}.Debug|x64.ActiveCfg = Debug|x64
		{5E6438E9-0DFA-43B1-91F6-10394D60C0FC}.Debug|x64.Build.0 = Debug|x64
		{5E6438E9-0DFA-43B1-91F6-10394D60C0FC}.Debug|x86.ActiveCfg = Debug|Win32
		{5E6438E9-0DFA-43B1-91F6-10394D60C0FC}.Debug|x86.Build.0 = Debug|Win32
		{5E6438E9-0DFA-43B1-91F6-10394D60C0FC}.Release|x64.ActiveCfg = Release|x64
		{5E6438E9-0DFA-43B1-91F6-10394D60C0FC}.Release|x64.Build.0 = Release|x64
		{5E6438E9-0DFA-43B1-91F6-10394D60C0FC}.Release|x86.ActiveCfg = Release|Win32
		{5E6438E9-0DFA-43B1-91F6-10394D60C0FC}.Release|x86.Build.0 = Release|Win32
		{45BDE2CB-DB2F-4175-A11C-53AE3DC8A196}.Debug|x64.ActiveCfg = Debug|x64
		{45BDE2CB-DB2F-4175-A11C-53AE3DC8A196}.Debug|x64.Build.0 = Debug|x64
		{45BDE2CB-DB2F-4175-A11C-53AE3DC8A196}.Debug|x86.ActiveCfg = Debug|Win32
		{45BDE2CB-DB2F-4175-A11C-53AE3DC8A196}.Debug|x86.Build.0 = Debug|Win32
		{45BDE2CB-DB2F-4175-A11C-53AE3DC8A196}.Release|x64.ActiveCfg = Release|x64
		{45BDE2CB-DB2F-4175-A11C-53AE3DC8A196}.Release|x64.Build.0 = Release|x64
		{45BDE2CB-DB2F-4175-A11C-53AE3DC8A196}.Release|x86.ActiveCfg = Release|Win32
		{45BDE2CB-DB2F-4175-A11C-53AE3DC8A196}.Release|x86.Build.0 = Release|Win32
		{005D06E6-C732-4293-8F33-152D34F4E753}.Debug|x64.ActiveCfg = Debug|x64
		{005D06E6-C732-4293-8F33-152D34F4E753}.Debug|x64.Build.0 = Debug|x64
		{005D06E6-C732-4293-8F33-152D34F4E753}.Debug|x86.ActiveCfg = Debug|Win32
		{005D06E6-C732-4293-8F33-152D34F4E753}.Debug|x86.Build.0 = Debug|Win32
		{005D06E6-C732-4293-8F33-152D34F4E753}.Release|x64.ActiveCfg = Release|x64
		{005D06E6-C732-4293-8F33-152D34F4E753}.Release|x64.Build.0 = Release|x64
		{005D06E6-C732-4293-8F33-152D34F4E753}.Release|x86.ActiveCfg = Release|Win32
		{005D06E6-C732-4293-8F33-152D34F4E753}.Release|x86.Build.0 = Release|Win32
		{E2EFA256-E89A-4ACD-B9A3-58C098B7CEE6}.Debug|x64.ActiveCfg = Debug|x64
		{E2EFA256-E89A-4ACD-B9A3-58C098B7CEE6}.Debug|x64.Build.0 = Debug|x64
		{E2EFA256-E89A-4ACD-B9A3-58C098B7CEE6}.Debug|x86.ActiveCfg = Debug|Win32
		{E2EFA256-E89A-4ACD-B9A3-58C098B7CEE6}.Debug|x86.Build.0 = Debug|Win32
		{E2EFA256-E89A-4ACD-B9A3-58C098B7CEE6}.Release|x64.ActiveCfg = Release|x64
		{E2EFA256-E89A-4ACD-B9A3-58C098B7CEE6}.Release|x64.Build.0 = Release|x64
		{E2EFA256-E89A-4ACD-B9A3-58C098B7CEE6}.Release|x86.ActiveCfg = Release|Win32
		{E2EFA256-E89A-4ACD-B9A3-58C098B7CEE6}.Release|x86.Build.0 = Release|Win32
		{2210E779-53DB-4D47-917C-D8021DC31F02}.Debug|x64.ActiveCfg = Debug|x64
		{2210E779-53DB-4D47-917C-D8021DC31F02}.Debug|x64.Build.0 = Debug|x64
		{2210E779-53DB-4D47-917C-D8021DC31F02}.Debug|x86.ActiveCfg = Debug|Win32
		{2210E779-53DB-4D47-917C-D8021DC31F02}.Debug|x86.Build.0 = Debug|Win32
		{2210E779-53DB-4D47-917C-D8021DC31F02}.Release|x64.ActiveCfg = Release|x64
		{2210E779-53DB-4D47-917C-D8021DC31F02}.Release|x64.Build.0 = Release|x64
		{2210E779-53DB-4D47-917C-D8021DC31F02}.Release|x86.ActiveCfg = Release|Win32
		{2210E779-53DB-4D47-917C-D8021DC31F02}.Release|x86.Build.0 = Release|Win32
		{B5985F19-6B0D-4BD8-8929-B48F27920F3B}.Debug|x64.ActiveCfg = Debug|x64
		{B5985F19-6B0D-4BD8-8929-B48F27920F3B}.Debug|x64.Build.0 = Debug|x64
		{B5985F19-6B0D-4BD8-8929-B48F27920F3B}.Debug|x86.ActiveCfg = Debug|Win32
		{B5985F19-6B0D-4BD8-8929-B48F27920F3B}.Debug|x86.Build.0 = Debug|Win32
		{B5985F19-6B0D-4BD8-8929-B48F27920F3B}.Release|x64.ActiveCfg = Release|x64
		{B5985F19-6B0D-4BD8-8929-B48F27920F3B}.Release|x64.Build.0 = Release|x64
		{B5985F19-6B0D-4BD8-8929-B48F27920F3B}.Release|x86.ActiveCfg = Release|Win32
		{B5985F19-6B0D-4BD8-8929-B48F27920F3B}.Release|x86.Build.0 = Release|Win32
		{8C97D95C-5B4A-46C7-B8F9-78EC568E4644}.Debug|x64.ActiveCfg = Debug|x64
		{8C97D95C-5B4A-46C7-B8F9-78EC568E4644}.Debug|x64.Build.0 = Debug|x64
		{8C97D95C-5B4A-46C7-B8F9-78EC568E4644}.Debug|x86.ActiveCfg = Debug|Win32
		{8C97D95C-5B4A-46C7-B8F9-78EC568E4644}.Debug|x86.Build.0 = Debug|Win32
		{8C97D95C-5B4A-46C7-B8F9-78EC568E4644}.Release|x64.ActiveCfg = Release|x64
		{8C97D95C-5B4A-46C7-B8F9-78EC568E4644}.Release|x64.Build.0 = Release|x64
		{8C97D95C-5B4A-46C7-B8F9-78EC568E4644}.Release|x86.ActiveCfg = Release|Win32
		{8C97D95C-5B4A-46C7-B8F9-78EC568E4644}.Release|x86.Build.0 = Release|Win32
	EndGlobalSection
	GlobalSection(SolutionProperties) = preSolution
		HideSolutionNode = FALSE
	EndGlobalSection
EndGlobal
